
Microsoft Visual Studio Solution File, Format Version 12.00
# Visual Studio Version 17
VisualStudioVersion = 17.7.34024.191
MinimumVisualStudioVersion = 10.0.40219.1
Project("{FAE04EC0-301F-11D3-BF4B-00C04F79EFBC}") = "RPGFinal", "RPGFinal.csproj", "{57F450C1-38C4-4A94-8829-63F9D2CFB0DA}"
EndProject
Global
	GlobalSection(SolutionConfigurationPlatforms) = preSolution
		Debug|Any CPU = Debug|Any CPU
		Release|Any CPU = Release|Any CPU
	EndGlobalSection
	GlobalSection(ProjectConfigurationPlatforms) = postSolution
		{57F450C1-38C4-4A94-8829-63F9D2CFB0DA}.Debug|Any CPU.ActiveCfg = Debug|Any CPU
		{57F450C1-38C4-4A94-8829-63F9D2CFB0DA}.Debug|Any CPU.Build.0 = Debug|Any CPU
		{57F450C1-38C4-4A94-8829-63F9D2CFB0DA}.Release|Any CPU.ActiveCfg = Release|Any CPU
		{57F450C1-38C4-4A94-8829-63F9D2CFB0DA}.Release|Any CPU.Build.0 = Release|Any CPU
	EndGlobalSection
	GlobalSection(SolutionProperties) = preSolution
		HideSolutionNode = FALSE
	EndGlobalSection
	GlobalSection(ExtensibilityGlobals) = postSolution
		SolutionGuid = {1CA62837-F7C6-4A2E-920B-68B7D44C5F42}
	EndGlobalSection
EndGlobal
